
Microsoft Visual Studio Solution File, Format Version 12.00
# Visual Studio Version 16
VisualStudioVersion = 16.0.29905.134
MinimumVisualStudioVersion = 10.0.40219.1
Project("{9A19103F-16F7-4668-BE54-9A1E7A4F7556}") = "RazFinance", "RazFinance\RazFinance.csproj", "{CF3884E9-787A-42AC-9CEE-2815FBA91939}"
EndProject
Project("{FAE04EC0-301F-11D3-BF4B-00C04F79EFBC}") = "RazFinance.Test", "RazFinance.Test\RazFinance.Test.csproj", "{8FF2740D-7D0D-4229-B5CA-9AF0183482E8}"
EndProject
Global
	GlobalSection(SolutionConfigurationPlatforms) = preSolution
		Debug|Any CPU = Debug|Any CPU
		Release|Any CPU = Release|Any CPU
	EndGlobalSection
	GlobalSection(ProjectConfigurationPlatforms) = postSolution
		{CF3884E9-787A-42AC-9CEE-2815FBA91939}.Debug|Any CPU.ActiveCfg = Debug|Any CPU
		{CF3884E9-787A-42AC-9CEE-2815FBA91939}.Debug|Any CPU.Build.0 = Debug|Any CPU
		{CF3884E9-787A-42AC-9CEE-2815FBA91939}.Release|Any CPU.ActiveCfg = Release|Any CPU
		{CF3884E9-787A-42AC-9CEE-2815FBA91939}.Release|Any CPU.Build.0 = Release|Any CPU
		{8FF2740D-7D0D-4229-B5CA-9AF0183482E8}.Debug|Any CPU.ActiveCfg = Debug|Any CPU
		{8FF2740D-7D0D-4229-B5CA-9AF0183482E8}.Debug|Any CPU.Build.0 = Debug|Any CPU
		{8FF2740D-7D0D-4229-B5CA-9AF0183482E8}.Release|Any CPU.ActiveCfg = Release|Any CPU
		{8FF2740D-7D0D-4229-B5CA-9AF0183482E8}.Release|Any CPU.Build.0 = Release|Any CPU
	EndGlobalSection
	GlobalSection(SolutionProperties) = preSolution
		HideSolutionNode = FALSE
	EndGlobalSection
	GlobalSection(ExtensibilityGlobals) = postSolution
		SolutionGuid = {0D4CE48D-3240-4506-819F-FD8AB54AC3EE}
	EndGlobalSection
EndGlobal
